
Microsoft Visual Studio Solution File, Format Version 12.00
# Visual Studio Version 17
VisualStudioVersion = 17.3.32929.385
MinimumVisualStudioVersion = 10.0.40219.1
Project("{FAE04EC0-301F-11D3-BF4B-00C04F79EFBC}") = "Deni_4th_IR_Translator", "Deni_4th_IR_Translator\Deni_4th_IR_Translator.csproj", "{9EBEEAE4-471E-44FA-A6AF-D44EADCB1E2E}"
EndProject
Global
	GlobalSection(SolutionConfigurationPlatforms) = preSolution
		Debug|Any CPU = Debug|Any CPU
		Release|Any CPU = Release|Any CPU
	EndGlobalSection
	GlobalSection(ProjectConfigurationPlatforms) = postSolution
		{9EBEEAE4-471E-44FA-A6AF-D44EADCB1E2E}.Debug|Any CPU.ActiveCfg = Debug|Any CPU
		{9EBEEAE4-471E-44FA-A6AF-D44EADCB1E2E}.Debug|Any CPU.Build.0 = Debug|Any CPU
		{9EBEEAE4-471E-44FA-A6AF-D44EADCB1E2E}.Release|Any CPU.ActiveCfg = Release|Any CPU
		{9EBEEAE4-471E-44FA-A6AF-D44EADCB1E2E}.Release|Any CPU.Build.0 = Release|Any CPU
	EndGlobalSection
	GlobalSection(SolutionProperties) = preSolution
		HideSolutionNode = FALSE
	EndGlobalSection
	GlobalSection(ExtensibilityGlobals) = postSolution
		SolutionGuid = {F1915E9D-DC73-4932-AB2A-75462E7EC519}
	EndGlobalSection
EndGlobal
